
Microsoft Visual Studio Solution File, Format Version 12.00
# Visual Studio Version 17
VisualStudioVersion = 17.14.37301.10 d17.14
MinimumVisualStudioVersion = 10.0.40219.1
Project("{FAE04EC0-301F-11D3-BF4B-00C04F79EFBC}") = "ProjectForge.Abstractions", "ProjectForge.Abstractions\ProjectForge.Abstractions.csproj", "{DAF7597B-203C-4444-B1C5-7E8FCBFD851E}"
EndProject
Project("{FAE04EC0-301F-11D3-BF4B-00C04F79EFBC}") = "ProjectForge.Core", "ProjectForge.Core\ProjectForge.Core.csproj", "{384BF8B1-7C24-4A14-B204-038F69B6241A}"
EndProject
Project("{FAE04EC0-301F-11D3-BF4B-00C04F79EFBC}") = "ProjectForge.Application", "ProjectForge.Application\ProjectForge.Application.csproj", "{9EC5AD21-A68C-494F-BA87-E9E0D5B27A3B}"
EndProject
Project("{FAE04EC0-301F-11D3-BF4B-00C04F79EFBC}") = "ProjectForge.Core.Tests", "ProjectForge.Core.Tests\ProjectForge.Core.Tests.csproj", "{F9CFE174-D434-47A5-9A78-AD795D41234F}"
EndProject
Project("{FAE04EC0-301F-11D3-BF4B-00C04F79EFBC}") = "ProjectForge.Application.Tests", "ProjectForge.Application.Tests\ProjectForge.Application.Tests.csproj", "{A5A025CC-F219-4D96-BBBE-037BC8C97FEF}"
EndProject
Project("{FAE04EC0-301F-11D3-BF4B-00C04F79EFBC}") = "ProjectForge.Infrastructure", "ProjectForge.Infrastructure\ProjectForge.Infrastructure.csproj", "{23AC5A41-099F-4553-AF9E-D86C793CD8E3}"
EndProject
Project("{FAE04EC0-301F-11D3-BF4B-00C04F79EFBC}") = "ProjectForge.Infrastructure.Tests", "ProjectForge.Infrastructure.Tests\ProjectForge.Infrastructure.Tests.csproj", "{1B874949-D71C-40E8-8FAA-EDB0665F0D9F}"
EndProject
Global
	GlobalSection(SolutionConfigurationPlatforms) = preSolution
		Debug|Any CPU = Debug|Any CPU
		Release|Any CPU = Release|Any CPU
	EndGlobalSection
	GlobalSection(ProjectConfigurationPlatforms) = postSolution
		{DAF7597B-203C-4444-B1C5-7E8FCBFD851E}.Debug|Any CPU.ActiveCfg = Debug|Any CPU
		{DAF7597B-203C-4444-B1C5-7E8FCBFD851E}.Debug|Any CPU.Build.0 = Debug|Any CPU
		{DAF7597B-203C-4444-B1C5-7E8FCBFD851E}.Release|Any CPU.ActiveCfg = Release|Any CPU
		{DAF7597B-203C-4444-B1C5-7E8FCBFD851E}.Release|Any CPU.Build.0 = Release|Any CPU
		{384BF8B1-7C24-4A14-B204-038F69B6241A}.Debug|Any CPU.ActiveCfg = Debug|Any CPU
		{384BF8B1-7C24-4A14-B204-038F69B6241A}.Debug|Any CPU.Build.0 = Debug|Any CPU
		{384BF8B1-7C24-4A14-B204-038F69B6241A}.Release|Any CPU.ActiveCfg = Release|Any CPU
		{384BF8B1-7C24-4A14-B204-038F69B6241A}.Release|Any CPU.Build.0 = Release|Any CPU
		{9EC5AD21-A68C-494F-BA87-E9E0D5B27A3B}.Debug|Any CPU.ActiveCfg = Debug|Any CPU
		{9EC5AD21-A68C-494F-BA87-E9E0D5B27A3B}.Debug|Any CPU.Build.0 = Debug|Any CPU
		{9EC5AD21-A68C-494F-BA87-E9E0D5B27A3B}.Release|Any CPU.ActiveCfg = Release|Any CPU
		{9EC5AD21-A68C-494F-BA87-E9E0D5B27A3B}.Release|Any CPU.Build.0 = Release|Any CPU
		{F9CFE174-D434-47A5-9A78-AD795D41234F}.Debug|Any CPU.ActiveCfg = Debug|Any CPU
		{F9CFE174-D434-47A5-9A78-AD795D41234F}.Debug|Any CPU.Build.0 = Debug|Any CPU
		{F9CFE174-D434-47A5-9A78-AD795D41234F}.Release|Any CPU.ActiveCfg = Release|Any CPU
		{F9CFE174-D434-47A5-9A78-AD795D41234F}.Release|Any CPU.Build.0 = Release|Any CPU
		{A5A025CC-F219-4D96-BBBE-037BC8C97FEF}.Debug|Any CPU.ActiveCfg = Debug|Any CPU
		{A5A025CC-F219-4D96-BBBE-037BC8C97FEF}.Debug|Any CPU.Build.0 = Debug|Any CPU
		{A5A025CC-F219-4D96-BBBE-037BC8C97FEF}.Release|Any CPU.ActiveCfg = Release|Any CPU
		{A5A025CC-F219-4D96-BBBE-037BC8C97FEF}.Release|Any CPU.Build.0 = Release|Any CPU
		{23AC5A41-099F-4553-AF9E-D86C793CD8E3}.Debug|Any CPU.ActiveCfg = Debug|Any CPU
		{23AC5A41-099F-4553-AF9E-D86C793CD8E3}.Debug|Any CPU.Build.0 = Debug|Any CPU
		{23AC5A41-099F-4553-AF9E-D86C793CD8E3}.Release|Any CPU.ActiveCfg = Release|Any CPU
		{23AC5A41-099F-4553-AF9E-D86C793CD8E3}.Release|Any CPU.Build.0 = Release|Any CPU
		{1B874949-D71C-40E8-8FAA-EDB0665F0D9F}.Debug|Any CPU.ActiveCfg = Debug|Any CPU
		{1B874949-D71C-40E8-8FAA-EDB0665F0D9F}.Debug|Any CPU.Build.0 = Debug|Any CPU
		{1B874949-D71C-40E8-8FAA-EDB0665F0D9F}.Release|Any CPU.ActiveCfg = Release|Any CPU
		{1B874949-D71C-40E8-8FAA-EDB0665F0D9F}.Release|Any CPU.Build.0 = Release|Any CPU
	EndGlobalSection
	GlobalSection(SolutionProperties) = preSolution
		HideSolutionNode = FALSE
	EndGlobalSection
	GlobalSection(ExtensibilityGlobals) = postSolution
		SolutionGuid = {68C7A699-3C80-4D7F-970A-14EC988FC675}
	EndGlobalSection
EndGlobal
